
Microsoft Visual Studio Solution File, Format Version 12.00
# Visual Studio 15
VisualStudioVersion = 15.0.28307.705
MinimumVisualStudioVersion = 10.0.40219.1
Project("{9A19103F-16F7-4668-BE54-9A1E7A4F7556}") = "Login", "Login\Login.csproj", "{36F4CC55-2BB7-4180-B181-F398B6F6BCFF}"
EndProject
Global
	GlobalSection(SolutionConfigurationPlatforms) = preSolution
		Debug|Any CPU = Debug|Any CPU
		Release|Any CPU = Release|Any CPU
	EndGlobalSection
	GlobalSection(ProjectConfigurationPlatforms) = postSolution
		{36F4CC55-2BB7-4180-B181-F398B6F6BCFF}.Debug|Any CPU.ActiveCfg = Debug|Any CPU
		{36F4CC55-2BB7-4180-B181-F398B6F6BCFF}.Debug|Any CPU.Build.0 = Debug|Any CPU
		{36F4CC55-2BB7-4180-B181-F398B6F6BCFF}.Release|Any CPU.ActiveCfg = Release|Any CPU
		{36F4CC55-2BB7-4180-B181-F398B6F6BCFF}.Release|Any CPU.Build.0 = Release|Any CPU
	EndGlobalSection
	GlobalSection(SolutionProperties) = preSolution
		HideSolutionNode = FALSE
	EndGlobalSection
	GlobalSection(ExtensibilityGlobals) = postSolution
		SolutionGuid = {042C04FC-0C63-4610-A296-10D5B31626A1}
	EndGlobalSection
EndGlobal
